
Microsoft Visual Studio Solution File, Format Version 12.00
# Visual Studio Version 16
VisualStudioVersion = 16.0.30413.136
MinimumVisualStudioVersion = 10.0.40219.1
Project("{888888A0-9F3D-457C-B088-3A5042F75D52}") = "FinanceAccountingBot", "FinanceAccountingBot\FinanceAccountingBot.pyproj", "{30CA59A5-FB90-4B50-8178-8A8A80B8C183}"
EndProject
Global
	GlobalSection(SolutionConfigurationPlatforms) = preSolution
		Debug|Any CPU = Debug|Any CPU
		Release|Any CPU = Release|Any CPU
	EndGlobalSection
	GlobalSection(ProjectConfigurationPlatforms) = postSolution
		{30CA59A5-FB90-4B50-8178-8A8A80B8C183}.Debug|Any CPU.ActiveCfg = Debug|Any CPU
		{30CA59A5-FB90-4B50-8178-8A8A80B8C183}.Release|Any CPU.ActiveCfg = Release|Any CPU
	EndGlobalSection
	GlobalSection(SolutionProperties) = preSolution
		HideSolutionNode = FALSE
	EndGlobalSection
	GlobalSection(ExtensibilityGlobals) = postSolution
		SolutionGuid = {A7D51818-F1C0-407D-BB6A-062D3C2EF8DF}
	EndGlobalSection
EndGlobal
